// !$*UTF8*$!
{
	archiveVersion = 1;
	classes = {
	};
	objectVersion = 56;
	objects = {

/* Begin PBXBuildFile section */
		813914622DA6D7160029DBC7 /* SmartGardenProjectApp.swift in Sources */ = {isa = PBXBuildFile; fileRef = 813914612DA6D7160029DBC7 /* SmartGardenProjectApp.swift */; };
		813914662DA6D7170029DBC7 /* Assets.xcassets in Resources */ = {isa = PBXBuildFile; fileRef = 813914652DA6D7170029DBC7 /* Assets.xcassets */; };
		813914692DA6D7170029DBC7 /* Preview Assets.xcassets in Resources */ = {isa = PBXBuildFile; fileRef = 813914682DA6D7170029DBC7 /* Preview Assets.xcassets */; };
		81CB03182DA6DB250073C683 /* HomePage.swift in Sources */ = {isa = PBXBuildFile; fileRef = 81CB03172DA6DB250073C683 /* HomePage.swift */; };
		81CB031A2DA6DCF20073C683 /* AlertsView.swift in Sources */ = {isa = PBXBuildFile; fileRef = 81CB03192DA6DCF20073C683 /* AlertsView.swift */; };
		81CB031C2DA6DD470073C683 /* ContentView.swift in Sources */ = {isa = PBXBuildFile; fileRef = 81CB031B2DA6DD470073C683 /* ContentView.swift */; };
		81CB031E2DA6DDB30073C683 /* CreatePlant.swift in Sources */ = {isa = PBXBuildFile; fileRef = 81CB031D2DA6DDB30073C683 /* CreatePlant.swift */; };
		81CB03202DA6DE440073C683 /* PlantView.swift in Sources */ = {isa = PBXBuildFile; fileRef = 81CB031F2DA6DE440073C683 /* PlantView.swift */; };
		81CB03222DA6DE870073C683 /* Model.swift in Sources */ = {isa = PBXBuildFile; fileRef = 81CB03212DA6DE870073C683 /* Model.swift */; };
		81CB03242DA6DE9B0073C683 /* ViewModel.swift in Sources */ = {isa = PBXBuildFile; fileRef = 81CB03232DA6DE9B0073C683 /* ViewModel.swift */; };
		81CB03262DA6E0E90073C683 /* GeminiPlantIdentifierService.swift in Sources */ = {isa = PBXBuildFile; fileRef = 81CB03252DA6E0E90073C683 /* GeminiPlantIdentifierService.swift */; };
		81CB03282DA6E1420073C683 /* GeminiService.swift in Sources */ = {isa = PBXBuildFile; fileRef = 81CB03272DA6E1420073C683 /* GeminiService.swift */; };
		81CB032A2DA6E1630073C683 /* ImagerPickerView.swift in Sources */ = {isa = PBXBuildFile; fileRef = 81CB03292DA6E1630073C683 /* ImagerPickerView.swift */; };
/* End PBXBuildFile section */

/* Begin PBXFileReference section */
		8139145E2DA6D7160029DBC7 /* SmartGardenProject.app */ = {isa = PBXFileReference; explicitFileType = wrapper.application; includeInIndex = 0; path = SmartGardenProject.app; sourceTree = BUILT_PRODUCTS_DIR; };
		813914612DA6D7160029DBC7 /* SmartGardenProjectApp.swift */ = {isa = PBXFileReference; lastKnownFileType = sourcecode.swift; path = SmartGardenProjectApp.swift; sourceTree = "<group>"; };
		813914652DA6D7170029DBC7 /* Assets.xcassets */ = {isa = PBXFileReference; lastKnownFileType = folder.assetcatalog; path = Assets.xcassets; sourceTree = "<group>"; };
		813914682DA6D7170029DBC7 /* Preview Assets.xcassets */ = {isa = PBXFileReference; lastKnownFileType = folder.assetcatalog; path = "Preview Assets.xcassets"; sourceTree = "<group>"; };
		81CB03172DA6DB250073C683 /* HomePage.swift */ = {isa = PBXFileReference; lastKnownFileType = sourcecode.swift; path = HomePage.swift; sourceTree = "<group>"; };
		81CB03192DA6DCF20073C683 /* AlertsView.swift */ = {isa = PBXFileReference; lastKnownFileType = sourcecode.swift; path = AlertsView.swift; sourceTree = "<group>"; };
		81CB031B2DA6DD470073C683 /* ContentView.swift */ = {isa = PBXFileReference; lastKnownFileType = sourcecode.swift; path = ContentView.swift; sourceTree = "<group>"; };
		81CB031D2DA6DDB30073C683 /* CreatePlant.swift */ = {isa = PBXFileReference; lastKnownFileType = sourcecode.swift; path = CreatePlant.swift; sourceTree = "<group>"; };
		81CB031F2DA6DE440073C683 /* PlantView.swift */ = {isa = PBXFileReference; lastKnownFileType = sourcecode.swift; path = PlantView.swift; sourceTree = "<group>"; };
		81CB03212DA6DE870073C683 /* Model.swift */ = {isa = PBXFileReference; lastKnownFileType = sourcecode.swift; path = Model.swift; sourceTree = "<group>"; };
		81CB03232DA6DE9B0073C683 /* ViewModel.swift */ = {isa = PBXFileReference; lastKnownFileType = sourcecode.swift; path = ViewModel.swift; sourceTree = "<group>"; };
		81CB03252DA6E0E90073C683 /* GeminiPlantIdentifierService.swift */ = {isa = PBXFileReference; lastKnownFileType = sourcecode.swift; path = GeminiPlantIdentifierService.swift; sourceTree = "<group>"; };
		81CB03272DA6E1420073C683 /* GeminiService.swift */ = {isa = PBXFileReference; lastKnownFileType = sourcecode.swift; path = GeminiService.swift; sourceTree = "<group>"; };
		81CB03292DA6E1630073C683 /* ImagerPickerView.swift */ = {isa = PBXFileReference; lastKnownFileType = sourcecode.swift; path = ImagerPickerView.swift; sourceTree = "<group>"; };
/* End PBXFileReference section */

/* Begin PBXFrameworksBuildPhase section */
		8139145B2DA6D7160029DBC7 /* Frameworks */ = {
			isa = PBXFrameworksBuildPhase;
			buildActionMask = 2147483647;
			files = (
			);
			runOnlyForDeploymentPostprocessing = 0;
		};
/* End PBXFrameworksBuildPhase section */

/* Begin PBXGroup section */
		813914552DA6D7160029DBC7 = {
			isa = PBXGroup;
			children = (
				813914602DA6D7160029DBC7 /* SmartGardenProject */,
				8139145F2DA6D7160029DBC7 /* Products */,
			);
			sourceTree = "<group>";
		};
		8139145F2DA6D7160029DBC7 /* Products */ = {
			isa = PBXGroup;
			children = (
				8139145E2DA6D7160029DBC7 /* SmartGardenProject.app */,
			);
			name = Products;
			sourceTree = "<group>";
		};
		813914602DA6D7160029DBC7 /* SmartGardenProject */ = {
			isa = PBXGroup;
			children = (
				81CB030F2DA6D8C70073C683 /* Models */,
				81CB03102DA6D8ED0073C683 /* ViewModels */,
				81CB03112DA6D8F90073C683 /* Views */,
				81CB03122DA6D90F0073C683 /* Services */,
				81CB03132DA6D9230073C683 /* Resources */,
				81CB03142DA6D92E0073C683 /* Utils */,
				81CB03152DA6D9360073C683 /* Data */,
				81CB03162DA6D93C0073C683 /* App */,
				813914652DA6D7170029DBC7 /* Assets.xcassets */,
				813914672DA6D7170029DBC7 /* Preview Content */,
			);
			path = SmartGardenProject;
			sourceTree = "<group>";
		};
		813914672DA6D7170029DBC7 /* Preview Content */ = {
			isa = PBXGroup;
			children = (
				813914682DA6D7170029DBC7 /* Preview Assets.xcassets */,
			);
			path = "Preview Content";
			sourceTree = "<group>";
		};
		81CB030F2DA6D8C70073C683 /* Models */ = {
			isa = PBXGroup;
			children = (
				81CB03212DA6DE870073C683 /* Model.swift */,
			);
			path = Models;
			sourceTree = "<group>";
		};
		81CB03102DA6D8ED0073C683 /* ViewModels */ = {
			isa = PBXGroup;
			children = (
				81CB03232DA6DE9B0073C683 /* ViewModel.swift */,
			);
			path = ViewModels;
			sourceTree = "<group>";
		};
		81CB03112DA6D8F90073C683 /* Views */ = {
			isa = PBXGroup;
			children = (
				81CB031B2DA6DD470073C683 /* ContentView.swift */,
				81CB03172DA6DB250073C683 /* HomePage.swift */,
				81CB03192DA6DCF20073C683 /* AlertsView.swift */,
				81CB031D2DA6DDB30073C683 /* CreatePlant.swift */,
				81CB031F2DA6DE440073C683 /* PlantView.swift */,
				81CB03292DA6E1630073C683 /* ImagerPickerView.swift */,
			);
			path = Views;
			sourceTree = "<group>";
		};
		81CB03122DA6D90F0073C683 /* Services */ = {
			isa = PBXGroup;
			children = (
				81CB03252DA6E0E90073C683 /* GeminiPlantIdentifierService.swift */,
				81CB03272DA6E1420073C683 /* GeminiService.swift */,
			);
			path = Services;
			sourceTree = "<group>";
		};
		81CB03132DA6D9230073C683 /* Resources */ = {
			isa = PBXGroup;
			children = (
			);
			path = Resources;
			sourceTree = "<group>";
		};
		81CB03142DA6D92E0073C683 /* Utils */ = {
			isa = PBXGroup;
			children = (
			);
			path = Utils;
			sourceTree = "<group>";
		};
		81CB03152DA6D9360073C683 /* Data */ = {
			isa = PBXGroup;
			children = (
			);
			path = Data;
			sourceTree = "<group>";
		};
		81CB03162DA6D93C0073C683 /* App */ = {
			isa = PBXGroup;
			children = (
				813914612DA6D7160029DBC7 /* SmartGardenProjectApp.swift */,
			);
			path = App;
			sourceTree = "<group>";
		};
/* End PBXGroup section */

/* Begin PBXNativeTarget section */
		8139145D2DA6D7160029DBC7 /* SmartGardenProject */ = {
			isa = PBXNativeTarget;
			buildConfigurationList = 8139146C2DA6D7170029DBC7 /* Build configuration list for PBXNativeTarget "SmartGardenProject" */;
			buildPhases = (
				8139145A2DA6D7160029DBC7 /* Sources */,
				8139145B2DA6D7160029DBC7 /* Frameworks */,
				8139145C2DA6D7160029DBC7 /* Resources */,
			);
			buildRules = (
			);
			dependencies = (
			);
			name = SmartGardenProject;
			productName = SmartGardenProject;
			productReference = 8139145E2DA6D7160029DBC7 /* SmartGardenProject.app */;
			productType = "com.apple.product-type.application";
		};
/* End PBXNativeTarget section */

/* Begin PBXProject section */
		813914562DA6D7160029DBC7 /* Project object */ = {
			isa = PBXProject;
			attributes = {
				BuildIndependentTargetsInParallel = 1;
				LastSwiftUpdateCheck = 1540;
				LastUpgradeCheck = 1540;
				TargetAttributes = {
					8139145D2DA6D7160029DBC7 = {
						CreatedOnToolsVersion = 15.4;
					};
				};
			};
			buildConfigurationList = 813914592DA6D7160029DBC7 /* Build configuration list for PBXProject "SmartGardenProject" */;
			compatibilityVersion = "Xcode 14.0";
			developmentRegion = en;
			hasScannedForEncodings = 0;
			knownRegions = (
				en,
				Base,
			);
			mainGroup = 813914552DA6D7160029DBC7;
			productRefGroup = 8139145F2DA6D7160029DBC7 /* Products */;
			projectDirPath = "";
			projectRoot = "";
			targets = (
				8139145D2DA6D7160029DBC7 /* SmartGardenProject */,
			);
		};
/* End PBXProject section */

/* Begin PBXResourcesBuildPhase section */
		8139145C2DA6D7160029DBC7 /* Resources */ = {
			isa = PBXResourcesBuildPhase;
			buildActionMask = 2147483647;
			files = (
				813914692DA6D7170029DBC7 /* Preview Assets.xcassets in Resources */,
				813914662DA6D7170029DBC7 /* Assets.xcassets in Resources */,
			);
			runOnlyForDeploymentPostprocessing = 0;
		};
/* End PBXResourcesBuildPhase section */

/* Begin PBXSourcesBuildPhase section */
		8139145A2DA6D7160029DBC7 /* Sources */ = {
			isa = PBXSourcesBuildPhase;
			buildActionMask = 2147483647;
			files = (
				81CB03222DA6DE870073C683 /* Model.swift in Sources */,
				81CB03182DA6DB250073C683 /* HomePage.swift in Sources */,
				813914622DA6D7160029DBC7 /* SmartGardenProjectApp.swift in Sources */,
				81CB03202DA6DE440073C683 /* PlantView.swift in Sources */,
				81CB031C2DA6DD470073C683 /* ContentView.swift in Sources */,
				81CB031A2DA6DCF20073C683 /* AlertsView.swift in Sources */,
				81CB032A2DA6E1630073C683 /* ImagerPickerView.swift in Sources */,
				81CB03282DA6E1420073C683 /* GeminiService.swift in Sources */,
				81CB03242DA6DE9B0073C683 /* ViewModel.swift in Sources */,
				81CB03262DA6E0E90073C683 /* GeminiPlantIdentifierService.swift in Sources */,
				81CB031E2DA6DDB30073C683 /* CreatePlant.swift in Sources */,
			);
			runOnlyForDeploymentPostprocessing = 0;
		};
/* End PBXSourcesBuildPhase section */

/* Begin XCBuildConfiguration section */
		8139146A2DA6D7170029DBC7 /* Debug */ = {
			isa = XCBuildConfiguration;
			buildSettings = {
				ALWAYS_SEARCH_USER_PATHS = NO;
				ASSETCATALOG_COMPILER_GENERATE_SWIFT_ASSET_SYMBOL_EXTENSIONS = YES;
				CLANG_ANALYZER_NONNULL = YES;
				CLANG_ANALYZER_NUMBER_OBJECT_CONVERSION = YES_AGGRESSIVE;
				CLANG_CXX_LANGUAGE_STANDARD = "gnu++20";
				CLANG_ENABLE_MODULES = YES;
				CLANG_ENABLE_OBJC_ARC = YES;
				CLANG_ENABLE_OBJC_WEAK = YES;
				CLANG_WARN_BLOCK_CAPTURE_AUTORELEASING = YES;
				CLANG_WARN_BOOL_CONVERSION = YES;
				CLANG_WARN_COMMA = YES;
				CLANG_WARN_CONSTANT_CONVERSION = YES;
				CLANG_WARN_DEPRECATED_OBJC_IMPLEMENTATIONS = YES;
				CLANG_WARN_DIRECT_OBJC_ISA_USAGE = YES_ERROR;
				CLANG_WARN_DOCUMENTATION_COMMENTS = YES;
				CLANG_WARN_EMPTY_BODY = YES;
				CLANG_WARN_ENUM_CONVERSION = YES;
				CLANG_WARN_INFINITE_RECURSION = YES;
				CLANG_WARN_INT_CONVERSION = YES;
				CLANG_WARN_NON_LITERAL_NULL_CONVERSION = YES;
				CLANG_WARN_OBJC_IMPLICIT_RETAIN_SELF = YES;
				CLANG_WARN_OBJC_LITERAL_CONVERSION = YES;
				CLANG_WARN_OBJC_ROOT_CLASS = YES_ERROR;
				CLANG_WARN_QUOTED_INCLUDE_IN_FRAMEWORK_HEADER = YES;
				CLANG_WARN_RANGE_LOOP_ANALYSIS = YES;
				CLANG_WARN_STRICT_PROTOTYPES = YES;
				CLANG_WARN_SUSPICIOUS_MOVE = YES;
				CLANG_WARN_UNGUARDED_AVAILABILITY = YES_AGGRESSIVE;
				CLANG_WARN_UNREACHABLE_CODE = YES;
				CLANG_WARN__DUPLICATE_METHOD_MATCH = YES;
				COPY_PHASE_STRIP = NO;
				DEBUG_INFORMATION_FORMAT = dwarf;
				ENABLE_STRICT_OBJC_MSGSEND = YES;
				ENABLE_TESTABILITY = YES;
				ENABLE_USER_SCRIPT_SANDBOXING = YES;
				GCC_C_LANGUAGE_STANDARD = gnu17;
				GCC_DYNAMIC_NO_PIC = NO;
				GCC_NO_COMMON_BLOCKS = YES;
				GCC_OPTIMIZATION_LEVEL = 0;
				GCC_PREPROCESSOR_DEFINITIONS = (
					"DEBUG=1",
					"$(inherited)",
				);
				GCC_WARN_64_TO_32_BIT_CONVERSION = YES;
				GCC_WARN_ABOUT_RETURN_TYPE = YES_ERROR;
				GCC_WARN_UNDECLARED_SELECTOR = YES;
				GCC_WARN_UNINITIALIZED_AUTOS = YES_AGGRESSIVE;
				GCC_WARN_UNUSED_FUNCTION = YES;
				GCC_WARN_UNUSED_VARIABLE = YES;
				IPHONEOS_DEPLOYMENT_TARGET = 17.5;
				LOCALIZATION_PREFERS_STRING_CATALOGS = YES;
				MTL_ENABLE_DEBUG_INFO = INCLUDE_SOURCE;
				MTL_FAST_MATH = YES;
				ONLY_ACTIVE_ARCH = YES;
				SDKROOT = iphoneos;
				SWIFT_ACTIVE_COMPILATION_CONDITIONS = "DEBUG $(inherited)";
				SWIFT_OPTIMIZATION_LEVEL = "-Onone";
			};
			name = Debug;
		};
		8139146B2DA6D7170029DBC7 /* Release */ = {
			isa = XCBuildConfiguration;
			buildSettings = {
				ALWAYS_SEARCH_USER_PATHS = NO;
				ASSETCATALOG_COMPILER_GENERATE_SWIFT_ASSET_SYMBOL_EXTENSIONS = YES;
				CLANG_ANALYZER_NONNULL = YES;
				CLANG_ANALYZER_NUMBER_OBJECT_CONVERSION = YES_AGGRESSIVE;
				CLANG_CXX_LANGUAGE_STANDARD = "gnu++20";
				CLANG_ENABLE_MODULES = YES;
				CLANG_ENABLE_OBJC_ARC = YES;
				CLANG_ENABLE_OBJC_WEAK = YES;
				CLANG_WARN_BLOCK_CAPTURE_AUTORELEASING = YES;
				CLANG_WARN_BOOL_CONVERSION = YES;
				CLANG_WARN_COMMA = YES;
				CLANG_WARN_CONSTANT_CONVERSION = YES;
				CLANG_WARN_DEPRECATED_OBJC_IMPLEMENTATIONS = YES;
				CLANG_WARN_DIRECT_OBJC_ISA_USAGE = YES_ERROR;
				CLANG_WARN_DOCUMENTATION_COMMENTS = YES;
				CLANG_WARN_EMPTY_BODY = YES;
				CLANG_WARN_ENUM_CONVERSION = YES;
				CLANG_WARN_INFINITE_RECURSION = YES;
				CLANG_WARN_INT_CONVERSION = YES;
				CLANG_WARN_NON_LITERAL_NULL_CONVERSION = YES;
				CLANG_WARN_OBJC_IMPLICIT_RETAIN_SELF = YES;
				CLANG_WARN_OBJC_LITERAL_CONVERSION = YES;
				CLANG_WARN_OBJC_ROOT_CLASS = YES_ERROR;
				CLANG_WARN_QUOTED_INCLUDE_IN_FRAMEWORK_HEADER = YES;
				CLANG_WARN_RANGE_LOOP_ANALYSIS = YES;
				CLANG_WARN_STRICT_PROTOTYPES = YES;
				CLANG_WARN_SUSPICIOUS_MOVE = YES;
				CLANG_WARN_UNGUARDED_AVAILABILITY = YES_AGGRESSIVE;
				CLANG_WARN_UNREACHABLE_CODE = YES;
				CLANG_WARN__DUPLICATE_METHOD_MATCH = YES;
				COPY_PHASE_STRIP = NO;
				DEBUG_INFORMATION_FORMAT = "dwarf-with-dsym";
				ENABLE_NS_ASSERTIONS = NO;
				ENABLE_STRICT_OBJC_MSGSEND = YES;
				ENABLE_USER_SCRIPT_SANDBOXING = YES;
				GCC_C_LANGUAGE_STANDARD = gnu17;
				GCC_NO_COMMON_BLOCKS = YES;
				GCC_WARN_64_TO_32_BIT_CONVERSION = YES;
				GCC_WARN_ABOUT_RETURN_TYPE = YES_ERROR;
				GCC_WARN_UNDECLARED_SELECTOR = YES;
				GCC_WARN_UNINITIALIZED_AUTOS = YES_AGGRESSIVE;
				GCC_WARN_UNUSED_FUNCTION = YES;
				GCC_WARN_UNUSED_VARIABLE = YES;
				IPHONEOS_DEPLOYMENT_TARGET = 17.5;
				LOCALIZATION_PREFERS_STRING_CATALOGS = YES;
				MTL_ENABLE_DEBUG_INFO = NO;
				MTL_FAST_MATH = YES;
				SDKROOT = iphoneos;
				SWIFT_COMPILATION_MODE = wholemodule;
				VALIDATE_PRODUCT = YES;
			};
			name = Release;
		};
		8139146D2DA6D7170029DBC7 /* Debug */ = {
			isa = XCBuildConfiguration;
			buildSettings = {
				ASSETCATALOG_COMPILER_APPICON_NAME = AppIcon;
				ASSETCATALOG_COMPILER_GLOBAL_ACCENT_COLOR_NAME = AccentColor;
				CODE_SIGN_STYLE = Automatic;
				CURRENT_PROJECT_VERSION = 1;
				DEVELOPMENT_ASSET_PATHS = "\"SmartGardenProject/Preview Content\"";
				DEVELOPMENT_TEAM = 6K5QKUZLTH;
				ENABLE_PREVIEWS = YES;
				GENERATE_INFOPLIST_FILE = YES;
				INFOPLIST_KEY_NSLocationWhenInUseUsageDescription = "Your app needs access to your location";
				INFOPLIST_KEY_UIApplicationSceneManifest_Generation = YES;
				INFOPLIST_KEY_UIApplicationSupportsIndirectInputEvents = YES;
				INFOPLIST_KEY_UILaunchScreen_Generation = YES;
				INFOPLIST_KEY_UISupportedInterfaceOrientations_iPad = "UIInterfaceOrientationPortrait UIInterfaceOrientationPortraitUpsideDown UIInterfaceOrientationLandscapeLeft UIInterfaceOrientationLandscapeRight";
				INFOPLIST_KEY_UISupportedInterfaceOrientations_iPhone = "UIInterfaceOrientationPortrait UIInterfaceOrientationLandscapeLeft UIInterfaceOrientationLandscapeRight";
				LD_RUNPATH_SEARCH_PATHS = (
					"$(inherited)",
					"@executable_path/Frameworks",
				);
				MARKETING_VERSION = 1.0;
				PRODUCT_BUNDLE_IDENTIFIER = edfranco;
				PRODUCT_NAME = "$(TARGET_NAME)";
				SWIFT_EMIT_LOC_STRINGS = YES;
				SWIFT_VERSION = 5.0;
				TARGETED_DEVICE_FAMILY = "1,2";
			};
			name = Debug;
		};
		8139146E2DA6D7170029DBC7 /* Release */ = {
			isa = XCBuildConfiguration;
			buildSettings = {
				ASSETCATALOG_COMPILER_APPICON_NAME = AppIcon;
				ASSETCATALOG_COMPILER_GLOBAL_ACCENT_COLOR_NAME = AccentColor;
				CODE_SIGN_STYLE = Automatic;
				CURRENT_PROJECT_VERSION = 1;
				DEVELOPMENT_ASSET_PATHS = "\"SmartGardenProject/Preview Content\"";
				DEVELOPMENT_TEAM = 6K5QKUZLTH;
				ENABLE_PREVIEWS = YES;
				GENERATE_INFOPLIST_FILE = YES;
				INFOPLIST_KEY_NSLocationWhenInUseUsageDescription = "Your app needs access to your location";
				INFOPLIST_KEY_UIApplicationSceneManifest_Generation = YES;
				INFOPLIST_KEY_UIApplicationSupportsIndirectInputEvents = YES;
				INFOPLIST_KEY_UILaunchScreen_Generation = YES;
				INFOPLIST_KEY_UISupportedInterfaceOrientations_iPad = "UIInterfaceOrientationPortrait UIInterfaceOrientationPortraitUpsideDown UIInterfaceOrientationLandscapeLeft UIInterfaceOrientationLandscapeRight";
				INFOPLIST_KEY_UISupportedInterfaceOrientations_iPhone = "UIInterfaceOrientationPortrait UIInterfaceOrientationLandscapeLeft UIInterfaceOrientationLandscapeRight";
				LD_RUNPATH_SEARCH_PATHS = (
					"$(inherited)",
					"@executable_path/Frameworks",
				);
				MARKETING_VERSION = 1.0;
				PRODUCT_BUNDLE_IDENTIFIER = edfranco;
				PRODUCT_NAME = "$(TARGET_NAME)";
				SWIFT_EMIT_LOC_STRINGS = YES;
				SWIFT_VERSION = 5.0;
				TARGETED_DEVICE_FAMILY = "1,2";
			};
			name = Release;
		};
/* End XCBuildConfiguration section */

/* Begin XCConfigurationList section */
		813914592DA6D7160029DBC7 /* Build configuration list for PBXProject "SmartGardenProject" */ = {
			isa = XCConfigurationList;
			buildConfigurations = (
				8139146A2DA6D7170029DBC7 /* Debug */,
				8139146B2DA6D7170029DBC7 /* Release */,
			);
			defaultConfigurationIsVisible = 0;
			defaultConfigurationName = Release;
		};
		8139146C2DA6D7170029DBC7 /* Build configuration list for PBXNativeTarget "SmartGardenProject" */ = {
			isa = XCConfigurationList;
			buildConfigurations = (
				8139146D2DA6D7170029DBC7 /* Debug */,
				8139146E2DA6D7170029DBC7 /* Release */,
			);
			defaultConfigurationIsVisible = 0;
			defaultConfigurationName = Release;
		};
/* End XCConfigurationList section */
	};
	rootObject = 813914562DA6D7160029DBC7 /* Project object */;
}
